
Microsoft Visual Studio Solution File, Format Version 12.00
# Visual Studio Version 16
VisualStudioVersion = 16.0.29111.141
MinimumVisualStudioVersion = 10.0.40219.1
Project("{FAE04EC0-301F-11D3-BF4B-00C04F79EFBC}") = "KenShow", "KenShow.csproj", "{EC965E8D-0230-486D-A68F-B64CFA587567}"
EndProject
Global
	GlobalSection(SolutionConfigurationPlatforms) = preSolution
		Debug|Any CPU = Debug|Any CPU
		Release|Any CPU = Release|Any CPU
	EndGlobalSection
	GlobalSection(ProjectConfigurationPlatforms) = postSolution
		{EC965E8D-0230-486D-A68F-B64CFA587567}.Debug|Any CPU.ActiveCfg = Debug|Any CPU
		{EC965E8D-0230-486D-A68F-B64CFA587567}.Debug|Any CPU.Build.0 = Debug|Any CPU
		{EC965E8D-0230-486D-A68F-B64CFA587567}.Release|Any CPU.ActiveCfg = Release|Any CPU
		{EC965E8D-0230-486D-A68F-B64CFA587567}.Release|Any CPU.Build.0 = Release|Any CPU
	EndGlobalSection
	GlobalSection(SolutionProperties) = preSolution
		HideSolutionNode = FALSE
	EndGlobalSection
	GlobalSection(ExtensibilityGlobals) = postSolution
		SolutionGuid = {0A9134C0-A116-4220-BA6A-EF2F474440A8}
	EndGlobalSection
EndGlobal
