
Microsoft Visual Studio Solution File, Format Version 12.00
# Visual Studio Version 16
VisualStudioVersion = 16.0.29111.141
MinimumVisualStudioVersion = 10.0.40219.1
Project("{FAE04EC0-301F-11D3-BF4B-00C04F79EFBC}") = "KenShow", "KenShow.csproj", "{888F0B66-5928-4E6F-B01E-6927908C7587}"
EndProject
Global
	GlobalSection(SolutionConfigurationPlatforms) = preSolution
		Debug|Any CPU = Debug|Any CPU
		Release|Any CPU = Release|Any CPU
	EndGlobalSection
	GlobalSection(ProjectConfigurationPlatforms) = postSolution
		{888F0B66-5928-4E6F-B01E-6927908C7587}.Debug|Any CPU.ActiveCfg = Debug|Any CPU
		{888F0B66-5928-4E6F-B01E-6927908C7587}.Debug|Any CPU.Build.0 = Debug|Any CPU
		{888F0B66-5928-4E6F-B01E-6927908C7587}.Release|Any CPU.ActiveCfg = Release|Any CPU
		{888F0B66-5928-4E6F-B01E-6927908C7587}.Release|Any CPU.Build.0 = Release|Any CPU
	EndGlobalSection
	GlobalSection(SolutionProperties) = preSolution
		HideSolutionNode = FALSE
	EndGlobalSection
	GlobalSection(ExtensibilityGlobals) = postSolution
		SolutionGuid = {D6B856E9-B977-4EBA-B120-36F52E0C471C}
	EndGlobalSection
EndGlobal
